
Microsoft Visual Studio Solution File, Format Version 12.00
# Visual Studio Version 16
VisualStudioVersion = 16.0.31729.503
MinimumVisualStudioVersion = 10.0.40219.1
Project("{FAE04EC0-301F-11D3-BF4B-00C04F79EFBC}") = "CourseWork", "CourseWork\CourseWork.csproj", "{9C527E63-C02C-44D8-9F0D-88B0B4E76D56}"
EndProject
Project("{FAE04EC0-301F-11D3-BF4B-00C04F79EFBC}") = "CourseWork.UnitTest", "CourseWork.UnitTest\CourseWork.UnitTest.csproj", "{F3C9D8ED-5030-4210-8AD0-A3D4B5A13421}"
EndProject
Global
	GlobalSection(SolutionConfigurationPlatforms) = preSolution
		Debug|Any CPU = Debug|Any CPU
		Release|Any CPU = Release|Any CPU
	EndGlobalSection
	GlobalSection(ProjectConfigurationPlatforms) = postSolution
		{9C527E63-C02C-44D8-9F0D-88B0B4E76D56}.Debug|Any CPU.ActiveCfg = Debug|Any CPU
		{9C527E63-C02C-44D8-9F0D-88B0B4E76D56}.Debug|Any CPU.Build.0 = Debug|Any CPU
		{9C527E63-C02C-44D8-9F0D-88B0B4E76D56}.Release|Any CPU.ActiveCfg = Release|Any CPU
		{9C527E63-C02C-44D8-9F0D-88B0B4E76D56}.Release|Any CPU.Build.0 = Release|Any CPU
		{F3C9D8ED-5030-4210-8AD0-A3D4B5A13421}.Debug|Any CPU.ActiveCfg = Debug|Any CPU
		{F3C9D8ED-5030-4210-8AD0-A3D4B5A13421}.Debug|Any CPU.Build.0 = Debug|Any CPU
		{F3C9D8ED-5030-4210-8AD0-A3D4B5A13421}.Release|Any CPU.ActiveCfg = Release|Any CPU
		{F3C9D8ED-5030-4210-8AD0-A3D4B5A13421}.Release|Any CPU.Build.0 = Release|Any CPU
	EndGlobalSection
	GlobalSection(SolutionProperties) = preSolution
		HideSolutionNode = FALSE
	EndGlobalSection
	GlobalSection(ExtensibilityGlobals) = postSolution
		SolutionGuid = {5222FD0B-AA59-404E-A6D1-224E4282D8F4}
	EndGlobalSection
EndGlobal
